// !$*UTF8*$!
{
	archiveVersion = 1;
	classes = {
	};
	objectVersion = 77;
	objects = {

/* Begin PBXBuildFile section */
		CE8835CD2DD3C5C500C1C237 /* MainView.swift in Sources */ = {isa = PBXBuildFile; fileRef = CE8835CC2DD3C5C200C1C237 /* MainView.swift */; };
		CE8835CF2DD3D59800C1C237 /* TimerView.swift in Sources */ = {isa = PBXBuildFile; fileRef = CE8835CE2DD3D59400C1C237 /* TimerView.swift */; };
		CE8835D22DD6411700C1C237 /* MainSceneModel.swift in Sources */ = {isa = PBXBuildFile; fileRef = CE8835D12DD6410E00C1C237 /* MainSceneModel.swift */; };
		CE8835D42DD6416700C1C237 /* MainModel.swift in Sources */ = {isa = PBXBuildFile; fileRef = CE8835D32DD6416100C1C237 /* MainModel.swift */; };
		CE8835D62DD6445F00C1C237 /* MainSceneProtocols.swift in Sources */ = {isa = PBXBuildFile; fileRef = CE8835D52DD6445600C1C237 /* MainSceneProtocols.swift */; };
		CE8835D82DD6462200C1C237 /* MainSceneInterator.swift in Sources */ = {isa = PBXBuildFile; fileRef = CE8835D72DD6461B00C1C237 /* MainSceneInterator.swift */; };
		CE9BF23A2DD0D5FB00152118 /* Assets.xcassets in Resources */ = {isa = PBXBuildFile; fileRef = CE9BF2312DD0D5FB00152118 /* Assets.xcassets */; };
		CE9BF23C2DD0D5FB00152118 /* LaunchScreen.storyboard in Resources */ = {isa = PBXBuildFile; fileRef = CE9BF2342DD0D5FB00152118 /* LaunchScreen.storyboard */; };
		CE9BF23E2DD0D5FB00152118 /* AppDelegate.swift in Sources */ = {isa = PBXBuildFile; fileRef = CE9BF2302DD0D5FB00152118 /* AppDelegate.swift */; };
		CE9BF23F2DD0D5FB00152118 /* SceneDelegate.swift in Sources */ = {isa = PBXBuildFile; fileRef = CE9BF2372DD0D5FB00152118 /* SceneDelegate.swift */; };
		CE9BF2402DD0D5FB00152118 /* MainViewController.swift in Sources */ = {isa = PBXBuildFile; fileRef = CE9BF2382DD0D5FB00152118 /* MainViewController.swift */; };
		CE9BF2472DD0DAFA00152118 /* Manrope-Variable.ttf in Resources */ = {isa = PBXBuildFile; fileRef = CE9BF2462DD0DAFA00152118 /* Manrope-Variable.ttf */; };
		CE9BF2492DD0DB7700152118 /* FontNameManager.swift in Sources */ = {isa = PBXBuildFile; fileRef = CE9BF2482DD0DB7200152118 /* FontNameManager.swift */; };
		CE9BF24B2DD0DD6200152118 /* Font.swift in Sources */ = {isa = PBXBuildFile; fileRef = CE9BF24A2DD0DD5E00152118 /* Font.swift */; };
		CE9BF24E2DD0E20500152118 /* ScoreView.swift in Sources */ = {isa = PBXBuildFile; fileRef = CE9BF24D2DD0E20000152118 /* ScoreView.swift */; };
		CE9BF2512DD0EF7200152118 /* Button.swift in Sources */ = {isa = PBXBuildFile; fileRef = CE9BF2502DD0EF5300152118 /* Button.swift */; };
		CE9BF2542DD0EFE100152118 /* ButtonsStyle.swift in Sources */ = {isa = PBXBuildFile; fileRef = CE9BF2532DD0EFD200152118 /* ButtonsStyle.swift */; };
		CE9BF2572DD1001D00152118 /* ButtonsStackView.swift in Sources */ = {isa = PBXBuildFile; fileRef = CE9BF2562DD1001900152118 /* ButtonsStackView.swift */; };
		CE9BF25A2DD24A0D00152118 /* DifficultySegmented.swift in Sources */ = {isa = PBXBuildFile; fileRef = CE9BF2592DD24A0300152118 /* DifficultySegmented.swift */; };
		CEC249BC2DE35A4900D5C388 /* CardGenerator.swift in Sources */ = {isa = PBXBuildFile; fileRef = CEC249BB2DE35A4200D5C388 /* CardGenerator.swift */; };
		CEC249C32DE35D2D00D5C388 /* ScoreCalcualtor.swift in Sources */ = {isa = PBXBuildFile; fileRef = CEC249C22DE35D2800D5C388 /* ScoreCalcualtor.swift */; };
		CEC249C52DE35DCC00D5C388 /* MainConfigurator.swift in Sources */ = {isa = PBXBuildFile; fileRef = CEC249C42DE35DBF00D5C388 /* MainConfigurator.swift */; };
		CEC249C72DE35E9D00D5C388 /* MainPresenter.swift in Sources */ = {isa = PBXBuildFile; fileRef = CEC249C62DE35E9900D5C388 /* MainPresenter.swift */; };
/* End PBXBuildFile section */

/* Begin PBXFileReference section */
		CE8835CC2DD3C5C200C1C237 /* MainView.swift */ = {isa = PBXFileReference; lastKnownFileType = sourcecode.swift; path = MainView.swift; sourceTree = "<group>"; };
		CE8835CE2DD3D59400C1C237 /* TimerView.swift */ = {isa = PBXFileReference; lastKnownFileType = sourcecode.swift; path = TimerView.swift; sourceTree = "<group>"; };
		CE8835D12DD6410E00C1C237 /* MainSceneModel.swift */ = {isa = PBXFileReference; lastKnownFileType = sourcecode.swift; path = MainSceneModel.swift; sourceTree = "<group>"; };
		CE8835D32DD6416100C1C237 /* MainModel.swift */ = {isa = PBXFileReference; lastKnownFileType = sourcecode.swift; path = MainModel.swift; sourceTree = "<group>"; };
		CE8835D52DD6445600C1C237 /* MainSceneProtocols.swift */ = {isa = PBXFileReference; lastKnownFileType = sourcecode.swift; path = MainSceneProtocols.swift; sourceTree = "<group>"; };
		CE8835D72DD6461B00C1C237 /* MainSceneInterator.swift */ = {isa = PBXFileReference; lastKnownFileType = sourcecode.swift; path = MainSceneInterator.swift; sourceTree = "<group>"; };
		CE9BF2182DD0D5EF00152118 /* BrainBoost.app */ = {isa = PBXFileReference; explicitFileType = wrapper.application; includeInIndex = 0; path = BrainBoost.app; sourceTree = BUILT_PRODUCTS_DIR; };
		CE9BF2302DD0D5FB00152118 /* AppDelegate.swift */ = {isa = PBXFileReference; lastKnownFileType = sourcecode.swift; path = AppDelegate.swift; sourceTree = "<group>"; };
		CE9BF2312DD0D5FB00152118 /* Assets.xcassets */ = {isa = PBXFileReference; lastKnownFileType = folder.assetcatalog; path = Assets.xcassets; sourceTree = "<group>"; };
		CE9BF2322DD0D5FB00152118 /* Info.plist */ = {isa = PBXFileReference; lastKnownFileType = text.plist.xml; path = Info.plist; sourceTree = "<group>"; };
		CE9BF2332DD0D5FB00152118 /* Base */ = {isa = PBXFileReference; lastKnownFileType = file.storyboard; name = Base; path = Base.lproj/LaunchScreen.storyboard; sourceTree = "<group>"; };
		CE9BF2372DD0D5FB00152118 /* SceneDelegate.swift */ = {isa = PBXFileReference; lastKnownFileType = sourcecode.swift; path = SceneDelegate.swift; sourceTree = "<group>"; };
		CE9BF2382DD0D5FB00152118 /* MainViewController.swift */ = {isa = PBXFileReference; lastKnownFileType = sourcecode.swift; path = MainViewController.swift; sourceTree = "<group>"; };
		CE9BF2462DD0DAFA00152118 /* Manrope-Variable.ttf */ = {isa = PBXFileReference; lastKnownFileType = file; path = "Manrope-Variable.ttf"; sourceTree = "<group>"; };
		CE9BF2482DD0DB7200152118 /* FontNameManager.swift */ = {isa = PBXFileReference; lastKnownFileType = sourcecode.swift; path = FontNameManager.swift; sourceTree = "<group>"; };
		CE9BF24A2DD0DD5E00152118 /* Font.swift */ = {isa = PBXFileReference; lastKnownFileType = sourcecode.swift; path = Font.swift; sourceTree = "<group>"; };
		CE9BF24D2DD0E20000152118 /* ScoreView.swift */ = {isa = PBXFileReference; lastKnownFileType = sourcecode.swift; path = ScoreView.swift; sourceTree = "<group>"; };
		CE9BF2502DD0EF5300152118 /* Button.swift */ = {isa = PBXFileReference; lastKnownFileType = sourcecode.swift; path = Button.swift; sourceTree = "<group>"; };
		CE9BF2532DD0EFD200152118 /* ButtonsStyle.swift */ = {isa = PBXFileReference; lastKnownFileType = sourcecode.swift; path = ButtonsStyle.swift; sourceTree = "<group>"; };
		CE9BF2562DD1001900152118 /* ButtonsStackView.swift */ = {isa = PBXFileReference; lastKnownFileType = sourcecode.swift; path = ButtonsStackView.swift; sourceTree = "<group>"; };
		CE9BF2592DD24A0300152118 /* DifficultySegmented.swift */ = {isa = PBXFileReference; lastKnownFileType = sourcecode.swift; path = DifficultySegmented.swift; sourceTree = "<group>"; };
		CEC249BB2DE35A4200D5C388 /* CardGenerator.swift */ = {isa = PBXFileReference; lastKnownFileType = sourcecode.swift; path = CardGenerator.swift; sourceTree = "<group>"; };
		CEC249C22DE35D2800D5C388 /* ScoreCalcualtor.swift */ = {isa = PBXFileReference; lastKnownFileType = sourcecode.swift; path = ScoreCalcualtor.swift; sourceTree = "<group>"; };
		CEC249C42DE35DBF00D5C388 /* MainConfigurator.swift */ = {isa = PBXFileReference; lastKnownFileType = sourcecode.swift; path = MainConfigurator.swift; sourceTree = "<group>"; };
		CEC249C62DE35E9900D5C388 /* MainPresenter.swift */ = {isa = PBXFileReference; lastKnownFileType = sourcecode.swift; path = MainPresenter.swift; sourceTree = "<group>"; };
/* End PBXFileReference section */

/* Begin PBXFrameworksBuildPhase section */
		CE9BF2152DD0D5EF00152118 /* Frameworks */ = {
			isa = PBXFrameworksBuildPhase;
			buildActionMask = 2147483647;
			files = (
			);
			runOnlyForDeploymentPostprocessing = 0;
		};
/* End PBXFrameworksBuildPhase section */

/* Begin PBXGroup section */
		CE8835CA2DD3C59700C1C237 /* MainScene */ = {
			isa = PBXGroup;
			children = (
				CE9BF2382DD0D5FB00152118 /* MainViewController.swift */,
				CE8835D72DD6461B00C1C237 /* MainSceneInterator.swift */,
				CEC249C62DE35E9900D5C388 /* MainPresenter.swift */,
				CE8835D52DD6445600C1C237 /* MainSceneProtocols.swift */,
				CE8835D12DD6410E00C1C237 /* MainSceneModel.swift */,
				CE8835D32DD6416100C1C237 /* MainModel.swift */,
				CEC249C42DE35DBF00D5C388 /* MainConfigurator.swift */,
				CE8835CB2DD3C5AC00C1C237 /* Views */,
			);
			path = MainScene;
			sourceTree = "<group>";
		};
		CE8835CB2DD3C5AC00C1C237 /* Views */ = {
			isa = PBXGroup;
			children = (
				CE8835CC2DD3C5C200C1C237 /* MainView.swift */,
				CE9BF24D2DD0E20000152118 /* ScoreView.swift */,
				CE9BF2562DD1001900152118 /* ButtonsStackView.swift */,
				CE9BF2592DD24A0300152118 /* DifficultySegmented.swift */,
				CE8835CE2DD3D59400C1C237 /* TimerView.swift */,
			);
			path = Views;
			sourceTree = "<group>";
		};
		CE9BF20F2DD0D5EF00152118 = {
			isa = PBXGroup;
			children = (
				CE9BF2392DD0D5FB00152118 /* BrainBoost */,
				CE9BF2192DD0D5EF00152118 /* Products */,
			);
			sourceTree = "<group>";
		};
		CE9BF2192DD0D5EF00152118 /* Products */ = {
			isa = PBXGroup;
			children = (
				CE9BF2182DD0D5EF00152118 /* BrainBoost.app */,
			);
			name = Products;
			sourceTree = "<group>";
		};
		CE9BF2392DD0D5FB00152118 /* BrainBoost */ = {
			isa = PBXGroup;
			children = (
				CE9BF2412DD0D62700152118 /* App */,
				CE9BF2422DD0D64300152118 /* Scenes */,
				CEC249BF2DE35D0D00D5C388 /* Generators */,
				CE9BF24C2DD0E1FA00152118 /* Components */,
				CE9BF2442DD0D65F00152118 /* LaunchScreen */,
				CE9BF2432DD0D65400152118 /* Resources */,
			);
			path = BrainBoost;
			sourceTree = "<group>";
		};
		CE9BF2412DD0D62700152118 /* App */ = {
			isa = PBXGroup;
			children = (
				CE9BF2302DD0D5FB00152118 /* AppDelegate.swift */,
				CE9BF2372DD0D5FB00152118 /* SceneDelegate.swift */,
				CE9BF2322DD0D5FB00152118 /* Info.plist */,
			);
			path = App;
			sourceTree = "<group>";
		};
		CE9BF2422DD0D64300152118 /* Scenes */ = {
			isa = PBXGroup;
			children = (
				CE8835CA2DD3C59700C1C237 /* MainScene */,
			);
			path = Scenes;
			sourceTree = "<group>";
		};
		CE9BF2432DD0D65400152118 /* Resources */ = {
			isa = PBXGroup;
			children = (
				CE9BF2452DD0DAC200152118 /* Font */,
				CE9BF2312DD0D5FB00152118 /* Assets.xcassets */,
			);
			path = Resources;
			sourceTree = "<group>";
		};
		CE9BF2442DD0D65F00152118 /* LaunchScreen */ = {
			isa = PBXGroup;
			children = (
				CE9BF2342DD0D5FB00152118 /* LaunchScreen.storyboard */,
			);
			path = LaunchScreen;
			sourceTree = "<group>";
		};
		CE9BF2452DD0DAC200152118 /* Font */ = {
			isa = PBXGroup;
			children = (
				CE9BF2482DD0DB7200152118 /* FontNameManager.swift */,
				CE9BF24A2DD0DD5E00152118 /* Font.swift */,
				CE9BF2462DD0DAFA00152118 /* Manrope-Variable.ttf */,
			);
			path = Font;
			sourceTree = "<group>";
		};
		CE9BF24C2DD0E1FA00152118 /* Components */ = {
			isa = PBXGroup;
			children = (
				CE9BF2522DD0EF7700152118 /* Buttons */,
			);
			path = Components;
			sourceTree = "<group>";
		};
		CE9BF2522DD0EF7700152118 /* Buttons */ = {
			isa = PBXGroup;
			children = (
				CE9BF2502DD0EF5300152118 /* Button.swift */,
				CE9BF2532DD0EFD200152118 /* ButtonsStyle.swift */,
			);
			path = Buttons;
			sourceTree = "<group>";
		};
		CEC249BF2DE35D0D00D5C388 /* Generators */ = {
			isa = PBXGroup;
			children = (
				CEC249BB2DE35A4200D5C388 /* CardGenerator.swift */,
				CEC249C22DE35D2800D5C388 /* ScoreCalcualtor.swift */,
			);
			path = Generators;
			sourceTree = "<group>";
		};
/* End PBXGroup section */

/* Begin PBXNativeTarget section */
		CE9BF2172DD0D5EF00152118 /* BrainBoost */ = {
			isa = PBXNativeTarget;
			buildConfigurationList = CE9BF22B2DD0D5F400152118 /* Build configuration list for PBXNativeTarget "BrainBoost" */;
			buildPhases = (
				CE9BF2142DD0D5EF00152118 /* Sources */,
				CE9BF2152DD0D5EF00152118 /* Frameworks */,
				CE9BF2162DD0D5EF00152118 /* Resources */,
			);
			buildRules = (
			);
			dependencies = (
			);
			name = BrainBoost;
			packageProductDependencies = (
			);
			productName = BrainBoost;
			productReference = CE9BF2182DD0D5EF00152118 /* BrainBoost.app */;
			productType = "com.apple.product-type.application";
		};
/* End PBXNativeTarget section */

/* Begin PBXProject section */
		CE9BF2102DD0D5EF00152118 /* Project object */ = {
			isa = PBXProject;
			attributes = {
				BuildIndependentTargetsInParallel = 1;
				LastSwiftUpdateCheck = 1620;
				LastUpgradeCheck = 1620;
				TargetAttributes = {
					CE9BF2172DD0D5EF00152118 = {
						CreatedOnToolsVersion = 16.2;
					};
				};
			};
			buildConfigurationList = CE9BF2132DD0D5EF00152118 /* Build configuration list for PBXProject "BrainBoost" */;
			developmentRegion = en;
			hasScannedForEncodings = 0;
			knownRegions = (
				en,
				Base,
			);
			mainGroup = CE9BF20F2DD0D5EF00152118;
			minimizedProjectReferenceProxies = 1;
			preferredProjectObjectVersion = 77;
			productRefGroup = CE9BF2192DD0D5EF00152118 /* Products */;
			projectDirPath = "";
			projectRoot = "";
			targets = (
				CE9BF2172DD0D5EF00152118 /* BrainBoost */,
			);
		};
/* End PBXProject section */

/* Begin PBXResourcesBuildPhase section */
		CE9BF2162DD0D5EF00152118 /* Resources */ = {
			isa = PBXResourcesBuildPhase;
			buildActionMask = 2147483647;
			files = (
				CE9BF23A2DD0D5FB00152118 /* Assets.xcassets in Resources */,
				CE9BF23C2DD0D5FB00152118 /* LaunchScreen.storyboard in Resources */,
				CE9BF2472DD0DAFA00152118 /* Manrope-Variable.ttf in Resources */,
			);
			runOnlyForDeploymentPostprocessing = 0;
		};
/* End PBXResourcesBuildPhase section */

/* Begin PBXSourcesBuildPhase section */
		CE9BF2142DD0D5EF00152118 /* Sources */ = {
			isa = PBXSourcesBuildPhase;
			buildActionMask = 2147483647;
			files = (
				CE9BF23E2DD0D5FB00152118 /* AppDelegate.swift in Sources */,
				CE9BF24B2DD0DD6200152118 /* Font.swift in Sources */,
				CE8835D22DD6411700C1C237 /* MainSceneModel.swift in Sources */,
				CE9BF23F2DD0D5FB00152118 /* SceneDelegate.swift in Sources */,
				CE9BF2402DD0D5FB00152118 /* MainViewController.swift in Sources */,
				CE9BF2512DD0EF7200152118 /* Button.swift in Sources */,
				CE9BF25A2DD24A0D00152118 /* DifficultySegmented.swift in Sources */,
				CE8835CF2DD3D59800C1C237 /* TimerView.swift in Sources */,
				CEC249C32DE35D2D00D5C388 /* ScoreCalcualtor.swift in Sources */,
				CEC249C52DE35DCC00D5C388 /* MainConfigurator.swift in Sources */,
				CE9BF2492DD0DB7700152118 /* FontNameManager.swift in Sources */,
				CE8835CD2DD3C5C500C1C237 /* MainView.swift in Sources */,
				CE8835D42DD6416700C1C237 /* MainModel.swift in Sources */,
				CE9BF2572DD1001D00152118 /* ButtonsStackView.swift in Sources */,
				CE9BF2542DD0EFE100152118 /* ButtonsStyle.swift in Sources */,
				CEC249BC2DE35A4900D5C388 /* CardGenerator.swift in Sources */,
				CE9BF24E2DD0E20500152118 /* ScoreView.swift in Sources */,
				CE8835D82DD6462200C1C237 /* MainSceneInterator.swift in Sources */,
				CEC249C72DE35E9D00D5C388 /* MainPresenter.swift in Sources */,
				CE8835D62DD6445F00C1C237 /* MainSceneProtocols.swift in Sources */,
			);
			runOnlyForDeploymentPostprocessing = 0;
		};
/* End PBXSourcesBuildPhase section */

/* Begin PBXVariantGroup section */
		CE9BF2342DD0D5FB00152118 /* LaunchScreen.storyboard */ = {
			isa = PBXVariantGroup;
			children = (
				CE9BF2332DD0D5FB00152118 /* Base */,
			);
			name = LaunchScreen.storyboard;
			sourceTree = "<group>";
		};
/* End PBXVariantGroup section */

/* Begin XCBuildConfiguration section */
		CE9BF22C2DD0D5F400152118 /* Debug */ = {
			isa = XCBuildConfiguration;
			buildSettings = {
				ASSETCATALOG_COMPILER_APPICON_NAME = AppIcon;
				ASSETCATALOG_COMPILER_GLOBAL_ACCENT_COLOR_NAME = AccentColor;
				CODE_SIGN_STYLE = Automatic;
				CURRENT_PROJECT_VERSION = 1;
				DEVELOPMENT_TEAM = 24Q9WM75S6;
				GENERATE_INFOPLIST_FILE = YES;
				INFOPLIST_FILE = BrainBoost/App/Info.plist;
				INFOPLIST_KEY_UIApplicationSupportsIndirectInputEvents = YES;
				INFOPLIST_KEY_UILaunchStoryboardName = LaunchScreen;
				INFOPLIST_KEY_UISupportedInterfaceOrientations = UIInterfaceOrientationPortrait;
				INFOPLIST_KEY_UISupportedInterfaceOrientations_iPad = "UIInterfaceOrientationLandscapeLeft UIInterfaceOrientationLandscapeRight UIInterfaceOrientationPortrait UIInterfaceOrientationPortraitUpsideDown";
				IPHONEOS_DEPLOYMENT_TARGET = 17.6;
				LD_RUNPATH_SEARCH_PATHS = (
					"$(inherited)",
					"@executable_path/Frameworks",
				);
				MARKETING_VERSION = 1.0;
				PRODUCT_BUNDLE_IDENTIFIER = AlexHalushko.BrainBoost;
				PRODUCT_NAME = "$(TARGET_NAME)";
				SUPPORTED_PLATFORMS = "iphoneos iphonesimulator";
				SUPPORTS_MACCATALYST = NO;
				SUPPORTS_MAC_DESIGNED_FOR_IPHONE_IPAD = NO;
				SUPPORTS_XR_DESIGNED_FOR_IPHONE_IPAD = NO;
				SWIFT_EMIT_LOC_STRINGS = YES;
				SWIFT_VERSION = 5.0;
				TARGETED_DEVICE_FAMILY = 1;
			};
			name = Debug;
		};
		CE9BF22D2DD0D5F400152118 /* Release */ = {
			isa = XCBuildConfiguration;
			buildSettings = {
				ASSETCATALOG_COMPILER_APPICON_NAME = AppIcon;
				ASSETCATALOG_COMPILER_GLOBAL_ACCENT_COLOR_NAME = AccentColor;
				CODE_SIGN_STYLE = Automatic;
				CURRENT_PROJECT_VERSION = 1;
				DEVELOPMENT_TEAM = 24Q9WM75S6;
				GENERATE_INFOPLIST_FILE = YES;
				INFOPLIST_FILE = BrainBoost/App/Info.plist;
				INFOPLIST_KEY_UIApplicationSupportsIndirectInputEvents = YES;
				INFOPLIST_KEY_UILaunchStoryboardName = LaunchScreen;
				INFOPLIST_KEY_UISupportedInterfaceOrientations = UIInterfaceOrientationPortrait;
				INFOPLIST_KEY_UISupportedInterfaceOrientations_iPad = "UIInterfaceOrientationLandscapeLeft UIInterfaceOrientationLandscapeRight UIInterfaceOrientationPortrait UIInterfaceOrientationPortraitUpsideDown";
				IPHONEOS_DEPLOYMENT_TARGET = 17.6;
				LD_RUNPATH_SEARCH_PATHS = (
					"$(inherited)",
					"@executable_path/Frameworks",
				);
				MARKETING_VERSION = 1.0;
				PRODUCT_BUNDLE_IDENTIFIER = AlexHalushko.BrainBoost;
				PRODUCT_NAME = "$(TARGET_NAME)";
				SUPPORTED_PLATFORMS = "iphoneos iphonesimulator";
				SUPPORTS_MACCATALYST = NO;
				SUPPORTS_MAC_DESIGNED_FOR_IPHONE_IPAD = NO;
				SUPPORTS_XR_DESIGNED_FOR_IPHONE_IPAD = NO;
				SWIFT_EMIT_LOC_STRINGS = YES;
				SWIFT_VERSION = 5.0;
				TARGETED_DEVICE_FAMILY = 1;
			};
			name = Release;
		};
		CE9BF22E2DD0D5F400152118 /* Debug */ = {
			isa = XCBuildConfiguration;
			buildSettings = {
				ALWAYS_SEARCH_USER_PATHS = NO;
				ASSETCATALOG_COMPILER_GENERATE_SWIFT_ASSET_SYMBOL_EXTENSIONS = YES;
				CLANG_ANALYZER_NONNULL = YES;
				CLANG_ANALYZER_NUMBER_OBJECT_CONVERSION = YES_AGGRESSIVE;
				CLANG_CXX_LANGUAGE_STANDARD = "gnu++20";
				CLANG_ENABLE_MODULES = YES;
				CLANG_ENABLE_OBJC_ARC = YES;
				CLANG_ENABLE_OBJC_WEAK = YES;
				CLANG_WARN_BLOCK_CAPTURE_AUTORELEASING = YES;
				CLANG_WARN_BOOL_CONVERSION = YES;
				CLANG_WARN_COMMA = YES;
				CLANG_WARN_CONSTANT_CONVERSION = YES;
				CLANG_WARN_DEPRECATED_OBJC_IMPLEMENTATIONS = YES;
				CLANG_WARN_DIRECT_OBJC_ISA_USAGE = YES_ERROR;
				CLANG_WARN_DOCUMENTATION_COMMENTS = YES;
				CLANG_WARN_EMPTY_BODY = YES;
				CLANG_WARN_ENUM_CONVERSION = YES;
				CLANG_WARN_INFINITE_RECURSION = YES;
				CLANG_WARN_INT_CONVERSION = YES;
				CLANG_WARN_NON_LITERAL_NULL_CONVERSION = YES;
				CLANG_WARN_OBJC_IMPLICIT_RETAIN_SELF = YES;
				CLANG_WARN_OBJC_LITERAL_CONVERSION = YES;
				CLANG_WARN_OBJC_ROOT_CLASS = YES_ERROR;
				CLANG_WARN_QUOTED_INCLUDE_IN_FRAMEWORK_HEADER = YES;
				CLANG_WARN_RANGE_LOOP_ANALYSIS = YES;
				CLANG_WARN_STRICT_PROTOTYPES = YES;
				CLANG_WARN_SUSPICIOUS_MOVE = YES;
				CLANG_WARN_UNGUARDED_AVAILABILITY = YES_AGGRESSIVE;
				CLANG_WARN_UNREACHABLE_CODE = YES;
				CLANG_WARN__DUPLICATE_METHOD_MATCH = YES;
				COPY_PHASE_STRIP = NO;
				DEBUG_INFORMATION_FORMAT = dwarf;
				ENABLE_STRICT_OBJC_MSGSEND = YES;
				ENABLE_TESTABILITY = YES;
				ENABLE_USER_SCRIPT_SANDBOXING = YES;
				GCC_C_LANGUAGE_STANDARD = gnu17;
				GCC_DYNAMIC_NO_PIC = NO;
				GCC_NO_COMMON_BLOCKS = YES;
				GCC_OPTIMIZATION_LEVEL = 0;
				GCC_PREPROCESSOR_DEFINITIONS = (
					"DEBUG=1",
					"$(inherited)",
				);
				GCC_WARN_64_TO_32_BIT_CONVERSION = YES;
				GCC_WARN_ABOUT_RETURN_TYPE = YES_ERROR;
				GCC_WARN_UNDECLARED_SELECTOR = YES;
				GCC_WARN_UNINITIALIZED_AUTOS = YES_AGGRESSIVE;
				GCC_WARN_UNUSED_FUNCTION = YES;
				GCC_WARN_UNUSED_VARIABLE = YES;
				IPHONEOS_DEPLOYMENT_TARGET = 18.2;
				LOCALIZATION_PREFERS_STRING_CATALOGS = YES;
				MTL_ENABLE_DEBUG_INFO = INCLUDE_SOURCE;
				MTL_FAST_MATH = YES;
				ONLY_ACTIVE_ARCH = YES;
				SDKROOT = iphoneos;
				SWIFT_ACTIVE_COMPILATION_CONDITIONS = "DEBUG $(inherited)";
				SWIFT_OPTIMIZATION_LEVEL = "-Onone";
			};
			name = Debug;
		};
		CE9BF22F2DD0D5F400152118 /* Release */ = {
			isa = XCBuildConfiguration;
			buildSettings = {
				ALWAYS_SEARCH_USER_PATHS = NO;
				ASSETCATALOG_COMPILER_GENERATE_SWIFT_ASSET_SYMBOL_EXTENSIONS = YES;
				CLANG_ANALYZER_NONNULL = YES;
				CLANG_ANALYZER_NUMBER_OBJECT_CONVERSION = YES_AGGRESSIVE;
				CLANG_CXX_LANGUAGE_STANDARD = "gnu++20";
				CLANG_ENABLE_MODULES = YES;
				CLANG_ENABLE_OBJC_ARC = YES;
				CLANG_ENABLE_OBJC_WEAK = YES;
				CLANG_WARN_BLOCK_CAPTURE_AUTORELEASING = YES;
				CLANG_WARN_BOOL_CONVERSION = YES;
				CLANG_WARN_COMMA = YES;
				CLANG_WARN_CONSTANT_CONVERSION = YES;
				CLANG_WARN_DEPRECATED_OBJC_IMPLEMENTATIONS = YES;
				CLANG_WARN_DIRECT_OBJC_ISA_USAGE = YES_ERROR;
				CLANG_WARN_DOCUMENTATION_COMMENTS = YES;
				CLANG_WARN_EMPTY_BODY = YES;
				CLANG_WARN_ENUM_CONVERSION = YES;
				CLANG_WARN_INFINITE_RECURSION = YES;
				CLANG_WARN_INT_CONVERSION = YES;
				CLANG_WARN_NON_LITERAL_NULL_CONVERSION = YES;
				CLANG_WARN_OBJC_IMPLICIT_RETAIN_SELF = YES;
				CLANG_WARN_OBJC_LITERAL_CONVERSION = YES;
				CLANG_WARN_OBJC_ROOT_CLASS = YES_ERROR;
				CLANG_WARN_QUOTED_INCLUDE_IN_FRAMEWORK_HEADER = YES;
				CLANG_WARN_RANGE_LOOP_ANALYSIS = YES;
				CLANG_WARN_STRICT_PROTOTYPES = YES;
				CLANG_WARN_SUSPICIOUS_MOVE = YES;
				CLANG_WARN_UNGUARDED_AVAILABILITY = YES_AGGRESSIVE;
				CLANG_WARN_UNREACHABLE_CODE = YES;
				CLANG_WARN__DUPLICATE_METHOD_MATCH = YES;
				COPY_PHASE_STRIP = NO;
				DEBUG_INFORMATION_FORMAT = "dwarf-with-dsym";
				ENABLE_NS_ASSERTIONS = NO;
				ENABLE_STRICT_OBJC_MSGSEND = YES;
				ENABLE_USER_SCRIPT_SANDBOXING = YES;
				GCC_C_LANGUAGE_STANDARD = gnu17;
				GCC_NO_COMMON_BLOCKS = YES;
				GCC_WARN_64_TO_32_BIT_CONVERSION = YES;
				GCC_WARN_ABOUT_RETURN_TYPE = YES_ERROR;
				GCC_WARN_UNDECLARED_SELECTOR = YES;
				GCC_WARN_UNINITIALIZED_AUTOS = YES_AGGRESSIVE;
				GCC_WARN_UNUSED_FUNCTION = YES;
				GCC_WARN_UNUSED_VARIABLE = YES;
				IPHONEOS_DEPLOYMENT_TARGET = 18.2;
				LOCALIZATION_PREFERS_STRING_CATALOGS = YES;
				MTL_ENABLE_DEBUG_INFO = NO;
				MTL_FAST_MATH = YES;
				SDKROOT = iphoneos;
				SWIFT_COMPILATION_MODE = wholemodule;
				VALIDATE_PRODUCT = YES;
			};
			name = Release;
		};
/* End XCBuildConfiguration section */

/* Begin XCConfigurationList section */
		CE9BF2132DD0D5EF00152118 /* Build configuration list for PBXProject "BrainBoost" */ = {
			isa = XCConfigurationList;
			buildConfigurations = (
				CE9BF22E2DD0D5F400152118 /* Debug */,
				CE9BF22F2DD0D5F400152118 /* Release */,
			);
			defaultConfigurationIsVisible = 0;
			defaultConfigurationName = Release;
		};
		CE9BF22B2DD0D5F400152118 /* Build configuration list for PBXNativeTarget "BrainBoost" */ = {
			isa = XCConfigurationList;
			buildConfigurations = (
				CE9BF22C2DD0D5F400152118 /* Debug */,
				CE9BF22D2DD0D5F400152118 /* Release */,
			);
			defaultConfigurationIsVisible = 0;
			defaultConfigurationName = Release;
		};
/* End XCConfigurationList section */
	};
	rootObject = CE9BF2102DD0D5EF00152118 /* Project object */;
}
